// !$*UTF8*$!
{
	archiveVersion = 1;
	classes = {
	};
	objectVersion = 50;
	objects = {

/* Begin PBXBuildFile section */
		7517FF5E222ED8BB00C773F5 /* Search.swift in Sources */ = {isa = PBXBuildFile; fileRef = 7517FF5D222ED8BB00C773F5 /* Search.swift */; };
		7594B3E6222E7FCF0069C34C /* AppDelegate.swift in Sources */ = {isa = PBXBuildFile; fileRef = 7594B3E5222E7FCF0069C34C /* AppDelegate.swift */; };
		7594B3E8222E7FCF0069C34C /* ViewController.swift in Sources */ = {isa = PBXBuildFile; fileRef = 7594B3E7222E7FCF0069C34C /* ViewController.swift */; };
		7594B3EB222E7FCF0069C34C /* Main.storyboard in Resources */ = {isa = PBXBuildFile; fileRef = 7594B3E9222E7FCF0069C34C /* Main.storyboard */; };
		7594B3ED222E7FD10069C34C /* Assets.xcassets in Resources */ = {isa = PBXBuildFile; fileRef = 7594B3EC222E7FD10069C34C /* Assets.xcassets */; };
		7594B3F0222E7FD10069C34C /* LaunchScreen.storyboard in Resources */ = {isa = PBXBuildFile; fileRef = 7594B3EE222E7FD10069C34C /* LaunchScreen.storyboard */; };
		7594B3F8222E81960069C34C /* Profile.swift in Sources */ = {isa = PBXBuildFile; fileRef = 7594B3F7222E81960069C34C /* Profile.swift */; };
/* End PBXBuildFile section */

/* Begin PBXFileReference section */
		7517FF5D222ED8BB00C773F5 /* Search.swift */ = {isa = PBXFileReference; lastKnownFileType = sourcecode.swift; path = Search.swift; sourceTree = "<group>"; };
		7594B3E2222E7FCF0069C34C /* Day8Excercise.app */ = {isa = PBXFileReference; explicitFileType = wrapper.application; includeInIndex = 0; path = Day8Excercise.app; sourceTree = BUILT_PRODUCTS_DIR; };
		7594B3E5222E7FCF0069C34C /* AppDelegate.swift */ = {isa = PBXFileReference; lastKnownFileType = sourcecode.swift; path = AppDelegate.swift; sourceTree = "<group>"; };
		7594B3E7222E7FCF0069C34C /* ViewController.swift */ = {isa = PBXFileReference; lastKnownFileType = sourcecode.swift; path = ViewController.swift; sourceTree = "<group>"; };
		7594B3EA222E7FCF0069C34C /* Base */ = {isa = PBXFileReference; lastKnownFileType = file.storyboard; name = Base; path = Base.lproj/Main.storyboard; sourceTree = "<group>"; };
		7594B3EC222E7FD10069C34C /* Assets.xcassets */ = {isa = PBXFileReference; lastKnownFileType = folder.assetcatalog; path = Assets.xcassets; sourceTree = "<group>"; };
		7594B3EF222E7FD10069C34C /* Base */ = {isa = PBXFileReference; lastKnownFileType = file.storyboard; name = Base; path = Base.lproj/LaunchScreen.storyboard; sourceTree = "<group>"; };
		7594B3F1222E7FD10069C34C /* Info.plist */ = {isa = PBXFileReference; lastKnownFileType = text.plist.xml; path = Info.plist; sourceTree = "<group>"; };
		7594B3F7222E81960069C34C /* Profile.swift */ = {isa = PBXFileReference; lastKnownFileType = sourcecode.swift; path = Profile.swift; sourceTree = "<group>"; };
/* End PBXFileReference section */

/* Begin PBXFrameworksBuildPhase section */
		7594B3DF222E7FCF0069C34C /* Frameworks */ = {
			isa = PBXFrameworksBuildPhase;
			buildActionMask = 2147483647;
			files = (
			);
			runOnlyForDeploymentPostprocessing = 0;
		};
/* End PBXFrameworksBuildPhase section */

/* Begin PBXGroup section */
		7594B3D9222E7FCF0069C34C = {
			isa = PBXGroup;
			children = (
				7594B3E4222E7FCF0069C34C /* Day8Excercise */,
				7594B3E3222E7FCF0069C34C /* Products */,
			);
			sourceTree = "<group>";
		};
		7594B3E3222E7FCF0069C34C /* Products */ = {
			isa = PBXGroup;
			children = (
				7594B3E2222E7FCF0069C34C /* Day8Excercise.app */,
			);
			name = Products;
			sourceTree = "<group>";
		};
		7594B3E4222E7FCF0069C34C /* Day8Excercise */ = {
			isa = PBXGroup;
			children = (
				7594B3E5222E7FCF0069C34C /* AppDelegate.swift */,
				7594B3E7222E7FCF0069C34C /* ViewController.swift */,
				7594B3E9222E7FCF0069C34C /* Main.storyboard */,
				7594B3EC222E7FD10069C34C /* Assets.xcassets */,
				7594B3EE222E7FD10069C34C /* LaunchScreen.storyboard */,
				7594B3F1222E7FD10069C34C /* Info.plist */,
				7594B3F7222E81960069C34C /* Profile.swift */,
				7517FF5D222ED8BB00C773F5 /* Search.swift */,
			);
			path = Day8Excercise;
			sourceTree = "<group>";
		};
/* End PBXGroup section */

/* Begin PBXNativeTarget section */
		7594B3E1222E7FCF0069C34C /* Day8Excercise */ = {
			isa = PBXNativeTarget;
			buildConfigurationList = 7594B3F4222E7FD10069C34C /* Build configuration list for PBXNativeTarget "Day8Excercise" */;
			buildPhases = (
				7594B3DE222E7FCF0069C34C /* Sources */,
				7594B3DF222E7FCF0069C34C /* Frameworks */,
				7594B3E0222E7FCF0069C34C /* Resources */,
			);
			buildRules = (
			);
			dependencies = (
			);
			name = Day8Excercise;
			productName = Day8Excercise;
			productReference = 7594B3E2222E7FCF0069C34C /* Day8Excercise.app */;
			productType = "com.apple.product-type.application";
		};
/* End PBXNativeTarget section */

/* Begin PBXProject section */
		7594B3DA222E7FCF0069C34C /* Project object */ = {
			isa = PBXProject;
			attributes = {
				LastSwiftUpdateCheck = 1010;
				LastUpgradeCheck = 1010;
				ORGANIZATIONNAME = "Ashish Singh";
				TargetAttributes = {
					7594B3E1222E7FCF0069C34C = {
						CreatedOnToolsVersion = 10.1;
					};
				};
			};
			buildConfigurationList = 7594B3DD222E7FCF0069C34C /* Build configuration list for PBXProject "Day8Excercise" */;
			compatibilityVersion = "Xcode 9.3";
			developmentRegion = en;
			hasScannedForEncodings = 0;
			knownRegions = (
				en,
				Base,
			);
			mainGroup = 7594B3D9222E7FCF0069C34C;
			productRefGroup = 7594B3E3222E7FCF0069C34C /* Products */;
			projectDirPath = "";
			projectRoot = "";
			targets = (
				7594B3E1222E7FCF0069C34C /* Day8Excercise */,
			);
		};
/* End PBXProject section */

/* Begin PBXResourcesBuildPhase section */
		7594B3E0222E7FCF0069C34C /* Resources */ = {
			isa = PBXResourcesBuildPhase;
			buildActionMask = 2147483647;
			files = (
				7594B3F0222E7FD10069C34C /* LaunchScreen.storyboard in Resources */,
				7594B3ED222E7FD10069C34C /* Assets.xcassets in Resources */,
				7594B3EB222E7FCF0069C34C /* Main.storyboard in Resources */,
			);
			runOnlyForDeploymentPostprocessing = 0;
		};
/* End PBXResourcesBuildPhase section */

/* Begin PBXSourcesBuildPhase section */
		7594B3DE222E7FCF0069C34C /* Sources */ = {
			isa = PBXSourcesBuildPhase;
			buildActionMask = 2147483647;
			files = (
				7594B3E8222E7FCF0069C34C /* ViewController.swift in Sources */,
				7517FF5E222ED8BB00C773F5 /* Search.swift in Sources */,
				7594B3F8222E81960069C34C /* Profile.swift in Sources */,
				7594B3E6222E7FCF0069C34C /* AppDelegate.swift in Sources */,
			);
			runOnlyForDeploymentPostprocessing = 0;
		};
/* End PBXSourcesBuildPhase section */

/* Begin PBXVariantGroup section */
		7594B3E9222E7FCF0069C34C /* Main.storyboard */ = {
			isa = PBXVariantGroup;
			children = (
				7594B3EA222E7FCF0069C34C /* Base */,
			);
			name = Main.storyboard;
			sourceTree = "<group>";
		};
		7594B3EE222E7FD10069C34C /* LaunchScreen.storyboard */ = {
			isa = PBXVariantGroup;
			children = (
				7594B3EF222E7FD10069C34C /* Base */,
			);
			name = LaunchScreen.storyboard;
			sourceTree = "<group>";
		};
/* End PBXVariantGroup section */

/* Begin XCBuildConfiguration section */
		7594B3F2222E7FD10069C34C /* Debug */ = {
			isa = XCBuildConfiguration;
			buildSettings = {
				ALWAYS_SEARCH_USER_PATHS = NO;
				CLANG_ANALYZER_NONNULL = YES;
				CLANG_ANALYZER_NUMBER_OBJECT_CONVERSION = YES_AGGRESSIVE;
				CLANG_CXX_LANGUAGE_STANDARD = "gnu++14";
				CLANG_CXX_LIBRARY = "libc++";
				CLANG_ENABLE_MODULES = YES;
				CLANG_ENABLE_OBJC_ARC = YES;
				CLANG_ENABLE_OBJC_WEAK = YES;
				CLANG_WARN_BLOCK_CAPTURE_AUTORELEASING = YES;
				CLANG_WARN_BOOL_CONVERSION = YES;
				CLANG_WARN_COMMA = YES;
				CLANG_WARN_CONSTANT_CONVERSION = YES;
				CLANG_WARN_DEPRECATED_OBJC_IMPLEMENTATIONS = YES;
				CLANG_WARN_DIRECT_OBJC_ISA_USAGE = YES_ERROR;
				CLANG_WARN_DOCUMENTATION_COMMENTS = YES;
				CLANG_WARN_EMPTY_BODY = YES;
				CLANG_WARN_ENUM_CONVERSION = YES;
				CLANG_WARN_INFINITE_RECURSION = YES;
				CLANG_WARN_INT_CONVERSION = YES;
				CLANG_WARN_NON_LITERAL_NULL_CONVERSION = YES;
				CLANG_WARN_OBJC_IMPLICIT_RETAIN_SELF = YES;
				CLANG_WARN_OBJC_LITERAL_CONVERSION = YES;
				CLANG_WARN_OBJC_ROOT_CLASS = YES_ERROR;
				CLANG_WARN_RANGE_LOOP_ANALYSIS = YES;
				CLANG_WARN_STRICT_PROTOTYPES = YES;
				CLANG_WARN_SUSPICIOUS_MOVE = YES;
				CLANG_WARN_UNGUARDED_AVAILABILITY = YES_AGGRESSIVE;
				CLANG_WARN_UNREACHABLE_CODE = YES;
				CLANG_WARN__DUPLICATE_METHOD_MATCH = YES;
				CODE_SIGN_IDENTITY = "iPhone Developer";
				COPY_PHASE_STRIP = NO;
				DEBUG_INFORMATION_FORMAT = dwarf;
				ENABLE_STRICT_OBJC_MSGSEND = YES;
				ENABLE_TESTABILITY = YES;
				GCC_C_LANGUAGE_STANDARD = gnu11;
				GCC_DYNAMIC_NO_PIC = NO;
				GCC_NO_COMMON_BLOCKS = YES;
				GCC_OPTIMIZATION_LEVEL = 0;
				GCC_PREPROCESSOR_DEFINITIONS = (
					"DEBUG=1",
					"$(inherited)",
				);
				GCC_WARN_64_TO_32_BIT_CONVERSION = YES;
				GCC_WARN_ABOUT_RETURN_TYPE = YES_ERROR;
				GCC_WARN_UNDECLARED_SELECTOR = YES;
				GCC_WARN_UNINITIALIZED_AUTOS = YES_AGGRESSIVE;
				GCC_WARN_UNUSED_FUNCTION = YES;
				GCC_WARN_UNUSED_VARIABLE = YES;
				IPHONEOS_DEPLOYMENT_TARGET = 12.1;
				MTL_ENABLE_DEBUG_INFO = INCLUDE_SOURCE;
				MTL_FAST_MATH = YES;
				ONLY_ACTIVE_ARCH = YES;
				SDKROOT = iphoneos;
				SWIFT_ACTIVE_COMPILATION_CONDITIONS = DEBUG;
				SWIFT_OPTIMIZATION_LEVEL = "-Onone";
			};
			name = Debug;
		};
		7594B3F3222E7FD10069C34C /* Release */ = {
			isa = XCBuildConfiguration;
			buildSettings = {
				ALWAYS_SEARCH_USER_PATHS = NO;
				CLANG_ANALYZER_NONNULL = YES;
				CLANG_ANALYZER_NUMBER_OBJECT_CONVERSION = YES_AGGRESSIVE;
				CLANG_CXX_LANGUAGE_STANDARD = "gnu++14";
				CLANG_CXX_LIBRARY = "libc++";
				CLANG_ENABLE_MODULES = YES;
				CLANG_ENABLE_OBJC_ARC = YES;
				CLANG_ENABLE_OBJC_WEAK = YES;
				CLANG_WARN_BLOCK_CAPTURE_AUTORELEASING = YES;
				CLANG_WARN_BOOL_CONVERSION = YES;
				CLANG_WARN_COMMA = YES;
				CLANG_WARN_CONSTANT_CONVERSION = YES;
				CLANG_WARN_DEPRECATED_OBJC_IMPLEMENTATIONS = YES;
				CLANG_WARN_DIRECT_OBJC_ISA_USAGE = YES_ERROR;
				CLANG_WARN_DOCUMENTATION_COMMENTS = YES;
				CLANG_WARN_EMPTY_BODY = YES;
				CLANG_WARN_ENUM_CONVERSION = YES;
				CLANG_WARN_INFINITE_RECURSION = YES;
				CLANG_WARN_INT_CONVERSION = YES;
				CLANG_WARN_NON_LITERAL_NULL_CONVERSION = YES;
				CLANG_WARN_OBJC_IMPLICIT_RETAIN_SELF = YES;
				CLANG_WARN_OBJC_LITERAL_CONVERSION = YES;
				CLANG_WARN_OBJC_ROOT_CLASS = YES_ERROR;
				CLANG_WARN_RANGE_LOOP_ANALYSIS = YES;
				CLANG_WARN_STRICT_PROTOTYPES = YES;
				CLANG_WARN_SUSPICIOUS_MOVE = YES;
				CLANG_WARN_UNGUARDED_AVAILABILITY = YES_AGGRESSIVE;
				CLANG_WARN_UNREACHABLE_CODE = YES;
				CLANG_WARN__DUPLICATE_METHOD_MATCH = YES;
				CODE_SIGN_IDENTITY = "iPhone Developer";
				COPY_PHASE_STRIP = NO;
				DEBUG_INFORMATION_FORMAT = "dwarf-with-dsym";
				ENABLE_NS_ASSERTIONS = NO;
				ENABLE_STRICT_OBJC_MSGSEND = YES;
				GCC_C_LANGUAGE_STANDARD = gnu11;
				GCC_NO_COMMON_BLOCKS = YES;
				GCC_WARN_64_TO_32_BIT_CONVERSION = YES;
				GCC_WARN_ABOUT_RETURN_TYPE = YES_ERROR;
				GCC_WARN_UNDECLARED_SELECTOR = YES;
				GCC_WARN_UNINITIALIZED_AUTOS = YES_AGGRESSIVE;
				GCC_WARN_UNUSED_FUNCTION = YES;
				GCC_WARN_UNUSED_VARIABLE = YES;
				IPHONEOS_DEPLOYMENT_TARGET = 12.1;
				MTL_ENABLE_DEBUG_INFO = NO;
				MTL_FAST_MATH = YES;
				SDKROOT = iphoneos;
				SWIFT_COMPILATION_MODE = wholemodule;
				SWIFT_OPTIMIZATION_LEVEL = "-O";
				VALIDATE_PRODUCT = YES;
			};
			name = Release;
		};
		7594B3F5222E7FD10069C34C /* Debug */ = {
			isa = XCBuildConfiguration;
			buildSettings = {
				ASSETCATALOG_COMPILER_APPICON_NAME = AppIcon;
				CODE_SIGN_STYLE = Automatic;
				INFOPLIST_FILE = Day8Excercise/Info.plist;
				LD_RUNPATH_SEARCH_PATHS = (
					"$(inherited)",
					"@executable_path/Frameworks",
				);
				PRODUCT_BUNDLE_IDENTIFIER = com.ttn.ashish.Day8Excercise;
				PRODUCT_NAME = "$(TARGET_NAME)";
				SWIFT_VERSION = 4.2;
				TARGETED_DEVICE_FAMILY = "1,2";
			};
			name = Debug;
		};
		7594B3F6222E7FD10069C34C /* Release */ = {
			isa = XCBuildConfiguration;
			buildSettings = {
				ASSETCATALOG_COMPILER_APPICON_NAME = AppIcon;
				CODE_SIGN_STYLE = Automatic;
				INFOPLIST_FILE = Day8Excercise/Info.plist;
				LD_RUNPATH_SEARCH_PATHS = (
					"$(inherited)",
					"@executable_path/Frameworks",
				);
				PRODUCT_BUNDLE_IDENTIFIER = com.ttn.ashish.Day8Excercise;
				PRODUCT_NAME = "$(TARGET_NAME)";
				SWIFT_VERSION = 4.2;
				TARGETED_DEVICE_FAMILY = "1,2";
			};
			name = Release;
		};
/* End XCBuildConfiguration section */

/* Begin XCConfigurationList section */
		7594B3DD222E7FCF0069C34C /* Build configuration list for PBXProject "Day8Excercise" */ = {
			isa = XCConfigurationList;
			buildConfigurations = (
				7594B3F2222E7FD10069C34C /* Debug */,
				7594B3F3222E7FD10069C34C /* Release */,
			);
			defaultConfigurationIsVisible = 0;
			defaultConfigurationName = Release;
		};
		7594B3F4222E7FD10069C34C /* Build configuration list for PBXNativeTarget "Day8Excercise" */ = {
			isa = XCConfigurationList;
			buildConfigurations = (
				7594B3F5222E7FD10069C34C /* Debug */,
				7594B3F6222E7FD10069C34C /* Release */,
			);
			defaultConfigurationIsVisible = 0;
			defaultConfigurationName = Release;
		};
/* End XCConfigurationList section */
	};
	rootObject = 7594B3DA222E7FCF0069C34C /* Project object */;
}
