// !$*UTF8*$!
{
	archiveVersion = 1;
	classes = {
	};
	objectVersion = 50;
	objects = {

/* Begin PBXBuildFile section */
		75366402225B14DD007E7E60 /* AppDelegate.swift in Sources */ = {isa = PBXBuildFile; fileRef = 75366401225B14DD007E7E60 /* AppDelegate.swift */; };
		75366404225B14DD007E7E60 /* ViewController.swift in Sources */ = {isa = PBXBuildFile; fileRef = 75366403225B14DD007E7E60 /* ViewController.swift */; };
		75366407225B14DD007E7E60 /* Main.storyboard in Resources */ = {isa = PBXBuildFile; fileRef = 75366405225B14DD007E7E60 /* Main.storyboard */; };
		7536640A225B14DD007E7E60 /* CoreDataApp.xcdatamodeld in Sources */ = {isa = PBXBuildFile; fileRef = 75366408225B14DD007E7E60 /* CoreDataApp.xcdatamodeld */; };
		7536640C225B14DF007E7E60 /* Assets.xcassets in Resources */ = {isa = PBXBuildFile; fileRef = 7536640B225B14DF007E7E60 /* Assets.xcassets */; };
		7536640F225B14DF007E7E60 /* LaunchScreen.storyboard in Resources */ = {isa = PBXBuildFile; fileRef = 7536640D225B14DF007E7E60 /* LaunchScreen.storyboard */; };
		7536641C225B1DD9007E7E60 /* NewRecipeAddViewController.swift in Sources */ = {isa = PBXBuildFile; fileRef = 7536641B225B1DD9007E7E60 /* NewRecipeAddViewController.swift */; };
		7536641E225B22E0007E7E60 /* UpdateViewController.swift in Sources */ = {isa = PBXBuildFile; fileRef = 7536641D225B22E0007E7E60 /* UpdateViewController.swift */; };
		75366420225B235D007E7E60 /* Protocols.swift in Sources */ = {isa = PBXBuildFile; fileRef = 7536641F225B235D007E7E60 /* Protocols.swift */; };
		75366422225B23BE007E7E60 /* FavouritesViewController.swift in Sources */ = {isa = PBXBuildFile; fileRef = 75366421225B23BE007E7E60 /* FavouritesViewController.swift */; };
/* End PBXBuildFile section */

/* Begin PBXFileReference section */
		753663FE225B14DD007E7E60 /* CoreDataApp.app */ = {isa = PBXFileReference; explicitFileType = wrapper.application; includeInIndex = 0; path = CoreDataApp.app; sourceTree = BUILT_PRODUCTS_DIR; };
		75366401225B14DD007E7E60 /* AppDelegate.swift */ = {isa = PBXFileReference; lastKnownFileType = sourcecode.swift; path = AppDelegate.swift; sourceTree = "<group>"; };
		75366403225B14DD007E7E60 /* ViewController.swift */ = {isa = PBXFileReference; lastKnownFileType = sourcecode.swift; path = ViewController.swift; sourceTree = "<group>"; };
		75366406225B14DD007E7E60 /* Base */ = {isa = PBXFileReference; lastKnownFileType = file.storyboard; name = Base; path = Base.lproj/Main.storyboard; sourceTree = "<group>"; };
		75366409225B14DD007E7E60 /* CoreDataApp.xcdatamodel */ = {isa = PBXFileReference; lastKnownFileType = wrapper.xcdatamodel; path = CoreDataApp.xcdatamodel; sourceTree = "<group>"; };
		7536640B225B14DF007E7E60 /* Assets.xcassets */ = {isa = PBXFileReference; lastKnownFileType = folder.assetcatalog; path = Assets.xcassets; sourceTree = "<group>"; };
		7536640E225B14DF007E7E60 /* Base */ = {isa = PBXFileReference; lastKnownFileType = file.storyboard; name = Base; path = Base.lproj/LaunchScreen.storyboard; sourceTree = "<group>"; };
		75366410225B14DF007E7E60 /* Info.plist */ = {isa = PBXFileReference; lastKnownFileType = text.plist.xml; path = Info.plist; sourceTree = "<group>"; };
		7536641B225B1DD9007E7E60 /* NewRecipeAddViewController.swift */ = {isa = PBXFileReference; lastKnownFileType = sourcecode.swift; path = NewRecipeAddViewController.swift; sourceTree = "<group>"; };
		7536641D225B22E0007E7E60 /* UpdateViewController.swift */ = {isa = PBXFileReference; lastKnownFileType = sourcecode.swift; path = UpdateViewController.swift; sourceTree = "<group>"; };
		7536641F225B235D007E7E60 /* Protocols.swift */ = {isa = PBXFileReference; lastKnownFileType = sourcecode.swift; path = Protocols.swift; sourceTree = "<group>"; };
		75366421225B23BE007E7E60 /* FavouritesViewController.swift */ = {isa = PBXFileReference; lastKnownFileType = sourcecode.swift; path = FavouritesViewController.swift; sourceTree = "<group>"; };
/* End PBXFileReference section */

/* Begin PBXFrameworksBuildPhase section */
		753663FB225B14DD007E7E60 /* Frameworks */ = {
			isa = PBXFrameworksBuildPhase;
			buildActionMask = 2147483647;
			files = (
			);
			runOnlyForDeploymentPostprocessing = 0;
		};
/* End PBXFrameworksBuildPhase section */

/* Begin PBXGroup section */
		753663F5225B14DD007E7E60 = {
			isa = PBXGroup;
			children = (
				75366400225B14DD007E7E60 /* CoreDataApp */,
				753663FF225B14DD007E7E60 /* Products */,
			);
			sourceTree = "<group>";
		};
		753663FF225B14DD007E7E60 /* Products */ = {
			isa = PBXGroup;
			children = (
				753663FE225B14DD007E7E60 /* CoreDataApp.app */,
			);
			name = Products;
			sourceTree = "<group>";
		};
		75366400225B14DD007E7E60 /* CoreDataApp */ = {
			isa = PBXGroup;
			children = (
				75366401225B14DD007E7E60 /* AppDelegate.swift */,
				75366403225B14DD007E7E60 /* ViewController.swift */,
				75366405225B14DD007E7E60 /* Main.storyboard */,
				7536640B225B14DF007E7E60 /* Assets.xcassets */,
				7536640D225B14DF007E7E60 /* LaunchScreen.storyboard */,
				75366410225B14DF007E7E60 /* Info.plist */,
				75366408225B14DD007E7E60 /* CoreDataApp.xcdatamodeld */,
				7536641B225B1DD9007E7E60 /* NewRecipeAddViewController.swift */,
				7536641D225B22E0007E7E60 /* UpdateViewController.swift */,
				7536641F225B235D007E7E60 /* Protocols.swift */,
				75366421225B23BE007E7E60 /* FavouritesViewController.swift */,
			);
			path = CoreDataApp;
			sourceTree = "<group>";
		};
/* End PBXGroup section */

/* Begin PBXNativeTarget section */
		753663FD225B14DD007E7E60 /* CoreDataApp */ = {
			isa = PBXNativeTarget;
			buildConfigurationList = 75366413225B14DF007E7E60 /* Build configuration list for PBXNativeTarget "CoreDataApp" */;
			buildPhases = (
				753663FA225B14DD007E7E60 /* Sources */,
				753663FB225B14DD007E7E60 /* Frameworks */,
				753663FC225B14DD007E7E60 /* Resources */,
			);
			buildRules = (
			);
			dependencies = (
			);
			name = CoreDataApp;
			productName = CoreDataApp;
			productReference = 753663FE225B14DD007E7E60 /* CoreDataApp.app */;
			productType = "com.apple.product-type.application";
		};
/* End PBXNativeTarget section */

/* Begin PBXProject section */
		753663F6225B14DD007E7E60 /* Project object */ = {
			isa = PBXProject;
			attributes = {
				LastSwiftUpdateCheck = 1020;
				LastUpgradeCheck = 1020;
				ORGANIZATIONNAME = "Ashish Singh";
				TargetAttributes = {
					753663FD225B14DD007E7E60 = {
						CreatedOnToolsVersion = 10.2;
					};
				};
			};
			buildConfigurationList = 753663F9225B14DD007E7E60 /* Build configuration list for PBXProject "CoreDataApp" */;
			compatibilityVersion = "Xcode 9.3";
			developmentRegion = en;
			hasScannedForEncodings = 0;
			knownRegions = (
				en,
				Base,
			);
			mainGroup = 753663F5225B14DD007E7E60;
			productRefGroup = 753663FF225B14DD007E7E60 /* Products */;
			projectDirPath = "";
			projectRoot = "";
			targets = (
				753663FD225B14DD007E7E60 /* CoreDataApp */,
			);
		};
/* End PBXProject section */

/* Begin PBXResourcesBuildPhase section */
		753663FC225B14DD007E7E60 /* Resources */ = {
			isa = PBXResourcesBuildPhase;
			buildActionMask = 2147483647;
			files = (
				7536640F225B14DF007E7E60 /* LaunchScreen.storyboard in Resources */,
				7536640C225B14DF007E7E60 /* Assets.xcassets in Resources */,
				75366407225B14DD007E7E60 /* Main.storyboard in Resources */,
			);
			runOnlyForDeploymentPostprocessing = 0;
		};
/* End PBXResourcesBuildPhase section */

/* Begin PBXSourcesBuildPhase section */
		753663FA225B14DD007E7E60 /* Sources */ = {
			isa = PBXSourcesBuildPhase;
			buildActionMask = 2147483647;
			files = (
				75366404225B14DD007E7E60 /* ViewController.swift in Sources */,
				7536640A225B14DD007E7E60 /* CoreDataApp.xcdatamodeld in Sources */,
				7536641C225B1DD9007E7E60 /* NewRecipeAddViewController.swift in Sources */,
				75366420225B235D007E7E60 /* Protocols.swift in Sources */,
				75366402225B14DD007E7E60 /* AppDelegate.swift in Sources */,
				75366422225B23BE007E7E60 /* FavouritesViewController.swift in Sources */,
				7536641E225B22E0007E7E60 /* UpdateViewController.swift in Sources */,
			);
			runOnlyForDeploymentPostprocessing = 0;
		};
/* End PBXSourcesBuildPhase section */

/* Begin PBXVariantGroup section */
		75366405225B14DD007E7E60 /* Main.storyboard */ = {
			isa = PBXVariantGroup;
			children = (
				75366406225B14DD007E7E60 /* Base */,
			);
			name = Main.storyboard;
			sourceTree = "<group>";
		};
		7536640D225B14DF007E7E60 /* LaunchScreen.storyboard */ = {
			isa = PBXVariantGroup;
			children = (
				7536640E225B14DF007E7E60 /* Base */,
			);
			name = LaunchScreen.storyboard;
			sourceTree = "<group>";
		};
/* End PBXVariantGroup section */

/* Begin XCBuildConfiguration section */
		75366411225B14DF007E7E60 /* Debug */ = {
			isa = XCBuildConfiguration;
			buildSettings = {
				ALWAYS_SEARCH_USER_PATHS = NO;
				CLANG_ANALYZER_NONNULL = YES;
				CLANG_ANALYZER_NUMBER_OBJECT_CONVERSION = YES_AGGRESSIVE;
				CLANG_CXX_LANGUAGE_STANDARD = "gnu++14";
				CLANG_CXX_LIBRARY = "libc++";
				CLANG_ENABLE_MODULES = YES;
				CLANG_ENABLE_OBJC_ARC = YES;
				CLANG_ENABLE_OBJC_WEAK = YES;
				CLANG_WARN_BLOCK_CAPTURE_AUTORELEASING = YES;
				CLANG_WARN_BOOL_CONVERSION = YES;
				CLANG_WARN_COMMA = YES;
				CLANG_WARN_CONSTANT_CONVERSION = YES;
				CLANG_WARN_DEPRECATED_OBJC_IMPLEMENTATIONS = YES;
				CLANG_WARN_DIRECT_OBJC_ISA_USAGE = YES_ERROR;
				CLANG_WARN_DOCUMENTATION_COMMENTS = YES;
				CLANG_WARN_EMPTY_BODY = YES;
				CLANG_WARN_ENUM_CONVERSION = YES;
				CLANG_WARN_INFINITE_RECURSION = YES;
				CLANG_WARN_INT_CONVERSION = YES;
				CLANG_WARN_NON_LITERAL_NULL_CONVERSION = YES;
				CLANG_WARN_OBJC_IMPLICIT_RETAIN_SELF = YES;
				CLANG_WARN_OBJC_LITERAL_CONVERSION = YES;
				CLANG_WARN_OBJC_ROOT_CLASS = YES_ERROR;
				CLANG_WARN_RANGE_LOOP_ANALYSIS = YES;
				CLANG_WARN_STRICT_PROTOTYPES = YES;
				CLANG_WARN_SUSPICIOUS_MOVE = YES;
				CLANG_WARN_UNGUARDED_AVAILABILITY = YES_AGGRESSIVE;
				CLANG_WARN_UNREACHABLE_CODE = YES;
				CLANG_WARN__DUPLICATE_METHOD_MATCH = YES;
				CODE_SIGN_IDENTITY = "iPhone Developer";
				COPY_PHASE_STRIP = NO;
				DEBUG_INFORMATION_FORMAT = dwarf;
				ENABLE_STRICT_OBJC_MSGSEND = YES;
				ENABLE_TESTABILITY = YES;
				GCC_C_LANGUAGE_STANDARD = gnu11;
				GCC_DYNAMIC_NO_PIC = NO;
				GCC_NO_COMMON_BLOCKS = YES;
				GCC_OPTIMIZATION_LEVEL = 0;
				GCC_PREPROCESSOR_DEFINITIONS = (
					"DEBUG=1",
					"$(inherited)",
				);
				GCC_WARN_64_TO_32_BIT_CONVERSION = YES;
				GCC_WARN_ABOUT_RETURN_TYPE = YES_ERROR;
				GCC_WARN_UNDECLARED_SELECTOR = YES;
				GCC_WARN_UNINITIALIZED_AUTOS = YES_AGGRESSIVE;
				GCC_WARN_UNUSED_FUNCTION = YES;
				GCC_WARN_UNUSED_VARIABLE = YES;
				IPHONEOS_DEPLOYMENT_TARGET = 12.2;
				MTL_ENABLE_DEBUG_INFO = INCLUDE_SOURCE;
				MTL_FAST_MATH = YES;
				ONLY_ACTIVE_ARCH = YES;
				SDKROOT = iphoneos;
				SWIFT_ACTIVE_COMPILATION_CONDITIONS = DEBUG;
				SWIFT_OPTIMIZATION_LEVEL = "-Onone";
			};
			name = Debug;
		};
		75366412225B14DF007E7E60 /* Release */ = {
			isa = XCBuildConfiguration;
			buildSettings = {
				ALWAYS_SEARCH_USER_PATHS = NO;
				CLANG_ANALYZER_NONNULL = YES;
				CLANG_ANALYZER_NUMBER_OBJECT_CONVERSION = YES_AGGRESSIVE;
				CLANG_CXX_LANGUAGE_STANDARD = "gnu++14";
				CLANG_CXX_LIBRARY = "libc++";
				CLANG_ENABLE_MODULES = YES;
				CLANG_ENABLE_OBJC_ARC = YES;
				CLANG_ENABLE_OBJC_WEAK = YES;
				CLANG_WARN_BLOCK_CAPTURE_AUTORELEASING = YES;
				CLANG_WARN_BOOL_CONVERSION = YES;
				CLANG_WARN_COMMA = YES;
				CLANG_WARN_CONSTANT_CONVERSION = YES;
				CLANG_WARN_DEPRECATED_OBJC_IMPLEMENTATIONS = YES;
				CLANG_WARN_DIRECT_OBJC_ISA_USAGE = YES_ERROR;
				CLANG_WARN_DOCUMENTATION_COMMENTS = YES;
				CLANG_WARN_EMPTY_BODY = YES;
				CLANG_WARN_ENUM_CONVERSION = YES;
				CLANG_WARN_INFINITE_RECURSION = YES;
				CLANG_WARN_INT_CONVERSION = YES;
				CLANG_WARN_NON_LITERAL_NULL_CONVERSION = YES;
				CLANG_WARN_OBJC_IMPLICIT_RETAIN_SELF = YES;
				CLANG_WARN_OBJC_LITERAL_CONVERSION = YES;
				CLANG_WARN_OBJC_ROOT_CLASS = YES_ERROR;
				CLANG_WARN_RANGE_LOOP_ANALYSIS = YES;
				CLANG_WARN_STRICT_PROTOTYPES = YES;
				CLANG_WARN_SUSPICIOUS_MOVE = YES;
				CLANG_WARN_UNGUARDED_AVAILABILITY = YES_AGGRESSIVE;
				CLANG_WARN_UNREACHABLE_CODE = YES;
				CLANG_WARN__DUPLICATE_METHOD_MATCH = YES;
				CODE_SIGN_IDENTITY = "iPhone Developer";
				COPY_PHASE_STRIP = NO;
				DEBUG_INFORMATION_FORMAT = "dwarf-with-dsym";
				ENABLE_NS_ASSERTIONS = NO;
				ENABLE_STRICT_OBJC_MSGSEND = YES;
				GCC_C_LANGUAGE_STANDARD = gnu11;
				GCC_NO_COMMON_BLOCKS = YES;
				GCC_WARN_64_TO_32_BIT_CONVERSION = YES;
				GCC_WARN_ABOUT_RETURN_TYPE = YES_ERROR;
				GCC_WARN_UNDECLARED_SELECTOR = YES;
				GCC_WARN_UNINITIALIZED_AUTOS = YES_AGGRESSIVE;
				GCC_WARN_UNUSED_FUNCTION = YES;
				GCC_WARN_UNUSED_VARIABLE = YES;
				IPHONEOS_DEPLOYMENT_TARGET = 12.2;
				MTL_ENABLE_DEBUG_INFO = NO;
				MTL_FAST_MATH = YES;
				SDKROOT = iphoneos;
				SWIFT_COMPILATION_MODE = wholemodule;
				SWIFT_OPTIMIZATION_LEVEL = "-O";
				VALIDATE_PRODUCT = YES;
			};
			name = Release;
		};
		75366414225B14DF007E7E60 /* Debug */ = {
			isa = XCBuildConfiguration;
			buildSettings = {
				ASSETCATALOG_COMPILER_APPICON_NAME = AppIcon;
				CODE_SIGN_STYLE = Automatic;
				INFOPLIST_FILE = CoreDataApp/Info.plist;
				LD_RUNPATH_SEARCH_PATHS = (
					"$(inherited)",
					"@executable_path/Frameworks",
				);
				PRODUCT_BUNDLE_IDENTIFIER = com.AshishSingh.CoreDataApp;
				PRODUCT_NAME = "$(TARGET_NAME)";
				SWIFT_VERSION = 5.0;
				TARGETED_DEVICE_FAMILY = "1,2";
			};
			name = Debug;
		};
		75366415225B14DF007E7E60 /* Release */ = {
			isa = XCBuildConfiguration;
			buildSettings = {
				ASSETCATALOG_COMPILER_APPICON_NAME = AppIcon;
				CODE_SIGN_STYLE = Automatic;
				INFOPLIST_FILE = CoreDataApp/Info.plist;
				LD_RUNPATH_SEARCH_PATHS = (
					"$(inherited)",
					"@executable_path/Frameworks",
				);
				PRODUCT_BUNDLE_IDENTIFIER = com.AshishSingh.CoreDataApp;
				PRODUCT_NAME = "$(TARGET_NAME)";
				SWIFT_VERSION = 5.0;
				TARGETED_DEVICE_FAMILY = "1,2";
			};
			name = Release;
		};
/* End XCBuildConfiguration section */

/* Begin XCConfigurationList section */
		753663F9225B14DD007E7E60 /* Build configuration list for PBXProject "CoreDataApp" */ = {
			isa = XCConfigurationList;
			buildConfigurations = (
				75366411225B14DF007E7E60 /* Debug */,
				75366412225B14DF007E7E60 /* Release */,
			);
			defaultConfigurationIsVisible = 0;
			defaultConfigurationName = Release;
		};
		75366413225B14DF007E7E60 /* Build configuration list for PBXNativeTarget "CoreDataApp" */ = {
			isa = XCConfigurationList;
			buildConfigurations = (
				75366414225B14DF007E7E60 /* Debug */,
				75366415225B14DF007E7E60 /* Release */,
			);
			defaultConfigurationIsVisible = 0;
			defaultConfigurationName = Release;
		};
/* End XCConfigurationList section */

/* Begin XCVersionGroup section */
		75366408225B14DD007E7E60 /* CoreDataApp.xcdatamodeld */ = {
			isa = XCVersionGroup;
			children = (
				75366409225B14DD007E7E60 /* CoreDataApp.xcdatamodel */,
			);
			currentVersion = 75366409225B14DD007E7E60 /* CoreDataApp.xcdatamodel */;
			path = CoreDataApp.xcdatamodeld;
			sourceTree = "<group>";
			versionGroupType = wrapper.xcdatamodel;
		};
/* End XCVersionGroup section */
	};
	rootObject = 753663F6225B14DD007E7E60 /* Project object */;
}
