// !$*UTF8*$!
{
	archiveVersion = 1;
	classes = {
	};
	objectVersion = 50;
	objects = {

/* Begin PBXBuildFile section */
		3FF73E8582180F85221CCB8A /* Pods_Cocoapods.framework in Frameworks */ = {isa = PBXBuildFile; fileRef = 43DA405A17BD10C50E0D890A /* Pods_Cocoapods.framework */; };
		752124462244A59E00DA6DC0 /* AppDelegate.swift in Sources */ = {isa = PBXBuildFile; fileRef = 752124452244A59E00DA6DC0 /* AppDelegate.swift */; };
		752124482244A59E00DA6DC0 /* ViewController.swift in Sources */ = {isa = PBXBuildFile; fileRef = 752124472244A59E00DA6DC0 /* ViewController.swift */; };
		7521244B2244A59E00DA6DC0 /* Main.storyboard in Resources */ = {isa = PBXBuildFile; fileRef = 752124492244A59E00DA6DC0 /* Main.storyboard */; };
		7521244D2244A5A000DA6DC0 /* Assets.xcassets in Resources */ = {isa = PBXBuildFile; fileRef = 7521244C2244A5A000DA6DC0 /* Assets.xcassets */; };
		752124502244A5A000DA6DC0 /* LaunchScreen.storyboard in Resources */ = {isa = PBXBuildFile; fileRef = 7521244E2244A5A000DA6DC0 /* LaunchScreen.storyboard */; };
/* End PBXBuildFile section */

/* Begin PBXFileReference section */
		072CFBEFB0DC8061E51A68E2 /* Pods-Cocoapods.release.xcconfig */ = {isa = PBXFileReference; includeInIndex = 1; lastKnownFileType = text.xcconfig; name = "Pods-Cocoapods.release.xcconfig"; path = "Target Support Files/Pods-Cocoapods/Pods-Cocoapods.release.xcconfig"; sourceTree = "<group>"; };
		43DA405A17BD10C50E0D890A /* Pods_Cocoapods.framework */ = {isa = PBXFileReference; explicitFileType = wrapper.framework; includeInIndex = 0; path = Pods_Cocoapods.framework; sourceTree = BUILT_PRODUCTS_DIR; };
		752124422244A59E00DA6DC0 /* Cocoapods.app */ = {isa = PBXFileReference; explicitFileType = wrapper.application; includeInIndex = 0; path = Cocoapods.app; sourceTree = BUILT_PRODUCTS_DIR; };
		752124452244A59E00DA6DC0 /* AppDelegate.swift */ = {isa = PBXFileReference; lastKnownFileType = sourcecode.swift; path = AppDelegate.swift; sourceTree = "<group>"; };
		752124472244A59E00DA6DC0 /* ViewController.swift */ = {isa = PBXFileReference; lastKnownFileType = sourcecode.swift; path = ViewController.swift; sourceTree = "<group>"; };
		7521244A2244A59E00DA6DC0 /* Base */ = {isa = PBXFileReference; lastKnownFileType = file.storyboard; name = Base; path = Base.lproj/Main.storyboard; sourceTree = "<group>"; };
		7521244C2244A5A000DA6DC0 /* Assets.xcassets */ = {isa = PBXFileReference; lastKnownFileType = folder.assetcatalog; path = Assets.xcassets; sourceTree = "<group>"; };
		7521244F2244A5A000DA6DC0 /* Base */ = {isa = PBXFileReference; lastKnownFileType = file.storyboard; name = Base; path = Base.lproj/LaunchScreen.storyboard; sourceTree = "<group>"; };
		752124512244A5A000DA6DC0 /* Info.plist */ = {isa = PBXFileReference; lastKnownFileType = text.plist.xml; path = Info.plist; sourceTree = "<group>"; };
		9F7A93C87EA0DCD758BB8BF2 /* Pods-Cocoapods.debug.xcconfig */ = {isa = PBXFileReference; includeInIndex = 1; lastKnownFileType = text.xcconfig; name = "Pods-Cocoapods.debug.xcconfig"; path = "Target Support Files/Pods-Cocoapods/Pods-Cocoapods.debug.xcconfig"; sourceTree = "<group>"; };
/* End PBXFileReference section */

/* Begin PBXFrameworksBuildPhase section */
		7521243F2244A59E00DA6DC0 /* Frameworks */ = {
			isa = PBXFrameworksBuildPhase;
			buildActionMask = 2147483647;
			files = (
				3FF73E8582180F85221CCB8A /* Pods_Cocoapods.framework in Frameworks */,
			);
			runOnlyForDeploymentPostprocessing = 0;
		};
/* End PBXFrameworksBuildPhase section */

/* Begin PBXGroup section */
		752124392244A59E00DA6DC0 = {
			isa = PBXGroup;
			children = (
				752124442244A59E00DA6DC0 /* Cocoapods */,
				752124432244A59E00DA6DC0 /* Products */,
				8C9CF84C403616B8E09E55B9 /* Pods */,
				8BE1EEDE9CC591CF33F3F733 /* Frameworks */,
			);
			sourceTree = "<group>";
		};
		752124432244A59E00DA6DC0 /* Products */ = {
			isa = PBXGroup;
			children = (
				752124422244A59E00DA6DC0 /* Cocoapods.app */,
			);
			name = Products;
			sourceTree = "<group>";
		};
		752124442244A59E00DA6DC0 /* Cocoapods */ = {
			isa = PBXGroup;
			children = (
				752124452244A59E00DA6DC0 /* AppDelegate.swift */,
				752124472244A59E00DA6DC0 /* ViewController.swift */,
				752124492244A59E00DA6DC0 /* Main.storyboard */,
				7521244C2244A5A000DA6DC0 /* Assets.xcassets */,
				7521244E2244A5A000DA6DC0 /* LaunchScreen.storyboard */,
				752124512244A5A000DA6DC0 /* Info.plist */,
			);
			path = Cocoapods;
			sourceTree = "<group>";
		};
		8BE1EEDE9CC591CF33F3F733 /* Frameworks */ = {
			isa = PBXGroup;
			children = (
				43DA405A17BD10C50E0D890A /* Pods_Cocoapods.framework */,
			);
			name = Frameworks;
			sourceTree = "<group>";
		};
		8C9CF84C403616B8E09E55B9 /* Pods */ = {
			isa = PBXGroup;
			children = (
				9F7A93C87EA0DCD758BB8BF2 /* Pods-Cocoapods.debug.xcconfig */,
				072CFBEFB0DC8061E51A68E2 /* Pods-Cocoapods.release.xcconfig */,
			);
			name = Pods;
			path = Pods;
			sourceTree = "<group>";
		};
/* End PBXGroup section */

/* Begin PBXNativeTarget section */
		752124412244A59E00DA6DC0 /* Cocoapods */ = {
			isa = PBXNativeTarget;
			buildConfigurationList = 752124542244A5A000DA6DC0 /* Build configuration list for PBXNativeTarget "Cocoapods" */;
			buildPhases = (
				B2C46F9B4D0FBFF9631631FB /* [CP] Check Pods Manifest.lock */,
				7521243E2244A59E00DA6DC0 /* Sources */,
				7521243F2244A59E00DA6DC0 /* Frameworks */,
				752124402244A59E00DA6DC0 /* Resources */,
				EAA99BE3AABFDDE558822B6F /* [CP] Embed Pods Frameworks */,
			);
			buildRules = (
			);
			dependencies = (
			);
			name = Cocoapods;
			productName = Cocoapods;
			productReference = 752124422244A59E00DA6DC0 /* Cocoapods.app */;
			productType = "com.apple.product-type.application";
		};
/* End PBXNativeTarget section */

/* Begin PBXProject section */
		7521243A2244A59E00DA6DC0 /* Project object */ = {
			isa = PBXProject;
			attributes = {
				LastSwiftUpdateCheck = 1010;
				LastUpgradeCheck = 1010;
				ORGANIZATIONNAME = "Ashish Singh";
				TargetAttributes = {
					752124412244A59E00DA6DC0 = {
						CreatedOnToolsVersion = 10.1;
					};
				};
			};
			buildConfigurationList = 7521243D2244A59E00DA6DC0 /* Build configuration list for PBXProject "Cocoapods" */;
			compatibilityVersion = "Xcode 9.3";
			developmentRegion = en;
			hasScannedForEncodings = 0;
			knownRegions = (
				en,
				Base,
			);
			mainGroup = 752124392244A59E00DA6DC0;
			productRefGroup = 752124432244A59E00DA6DC0 /* Products */;
			projectDirPath = "";
			projectRoot = "";
			targets = (
				752124412244A59E00DA6DC0 /* Cocoapods */,
			);
		};
/* End PBXProject section */

/* Begin PBXResourcesBuildPhase section */
		752124402244A59E00DA6DC0 /* Resources */ = {
			isa = PBXResourcesBuildPhase;
			buildActionMask = 2147483647;
			files = (
				752124502244A5A000DA6DC0 /* LaunchScreen.storyboard in Resources */,
				7521244D2244A5A000DA6DC0 /* Assets.xcassets in Resources */,
				7521244B2244A59E00DA6DC0 /* Main.storyboard in Resources */,
			);
			runOnlyForDeploymentPostprocessing = 0;
		};
/* End PBXResourcesBuildPhase section */

/* Begin PBXShellScriptBuildPhase section */
		B2C46F9B4D0FBFF9631631FB /* [CP] Check Pods Manifest.lock */ = {
			isa = PBXShellScriptBuildPhase;
			buildActionMask = 2147483647;
			files = (
			);
			inputFileListPaths = (
			);
			inputPaths = (
				"${PODS_PODFILE_DIR_PATH}/Podfile.lock",
				"${PODS_ROOT}/Manifest.lock",
			);
			name = "[CP] Check Pods Manifest.lock";
			outputFileListPaths = (
			);
			outputPaths = (
				"$(DERIVED_FILE_DIR)/Pods-Cocoapods-checkManifestLockResult.txt",
			);
			runOnlyForDeploymentPostprocessing = 0;
			shellPath = /bin/sh;
			shellScript = "diff \"${PODS_PODFILE_DIR_PATH}/Podfile.lock\" \"${PODS_ROOT}/Manifest.lock\" > /dev/null\nif [ $? != 0 ] ; then\n    # print error to STDERR\n    echo \"error: The sandbox is not in sync with the Podfile.lock. Run 'pod install' or update your CocoaPods installation.\" >&2\n    exit 1\nfi\n# This output is used by Xcode 'outputs' to avoid re-running this script phase.\necho \"SUCCESS\" > \"${SCRIPT_OUTPUT_FILE_0}\"\n";
			showEnvVarsInLog = 0;
		};
		EAA99BE3AABFDDE558822B6F /* [CP] Embed Pods Frameworks */ = {
			isa = PBXShellScriptBuildPhase;
			buildActionMask = 2147483647;
			files = (
			);
			inputFileListPaths = (
			);
			inputPaths = (
				"${PODS_ROOT}/Target Support Files/Pods-Cocoapods/Pods-Cocoapods-frameworks.sh",
				"${BUILT_PRODUCTS_DIR}/Alamofire/Alamofire.framework",
				"${BUILT_PRODUCTS_DIR}/ReachabilitySwift/Reachability.framework",
			);
			name = "[CP] Embed Pods Frameworks";
			outputFileListPaths = (
			);
			outputPaths = (
				"${TARGET_BUILD_DIR}/${FRAMEWORKS_FOLDER_PATH}/Alamofire.framework",
				"${TARGET_BUILD_DIR}/${FRAMEWORKS_FOLDER_PATH}/Reachability.framework",
			);
			runOnlyForDeploymentPostprocessing = 0;
			shellPath = /bin/sh;
			shellScript = "\"${PODS_ROOT}/Target Support Files/Pods-Cocoapods/Pods-Cocoapods-frameworks.sh\"\n";
			showEnvVarsInLog = 0;
		};
/* End PBXShellScriptBuildPhase section */

/* Begin PBXSourcesBuildPhase section */
		7521243E2244A59E00DA6DC0 /* Sources */ = {
			isa = PBXSourcesBuildPhase;
			buildActionMask = 2147483647;
			files = (
				752124482244A59E00DA6DC0 /* ViewController.swift in Sources */,
				752124462244A59E00DA6DC0 /* AppDelegate.swift in Sources */,
			);
			runOnlyForDeploymentPostprocessing = 0;
		};
/* End PBXSourcesBuildPhase section */

/* Begin PBXVariantGroup section */
		752124492244A59E00DA6DC0 /* Main.storyboard */ = {
			isa = PBXVariantGroup;
			children = (
				7521244A2244A59E00DA6DC0 /* Base */,
			);
			name = Main.storyboard;
			sourceTree = "<group>";
		};
		7521244E2244A5A000DA6DC0 /* LaunchScreen.storyboard */ = {
			isa = PBXVariantGroup;
			children = (
				7521244F2244A5A000DA6DC0 /* Base */,
			);
			name = LaunchScreen.storyboard;
			sourceTree = "<group>";
		};
/* End PBXVariantGroup section */

/* Begin XCBuildConfiguration section */
		752124522244A5A000DA6DC0 /* Debug */ = {
			isa = XCBuildConfiguration;
			buildSettings = {
				ALWAYS_SEARCH_USER_PATHS = NO;
				CLANG_ANALYZER_NONNULL = YES;
				CLANG_ANALYZER_NUMBER_OBJECT_CONVERSION = YES_AGGRESSIVE;
				CLANG_CXX_LANGUAGE_STANDARD = "gnu++14";
				CLANG_CXX_LIBRARY = "libc++";
				CLANG_ENABLE_MODULES = YES;
				CLANG_ENABLE_OBJC_ARC = YES;
				CLANG_ENABLE_OBJC_WEAK = YES;
				CLANG_WARN_BLOCK_CAPTURE_AUTORELEASING = YES;
				CLANG_WARN_BOOL_CONVERSION = YES;
				CLANG_WARN_COMMA = YES;
				CLANG_WARN_CONSTANT_CONVERSION = YES;
				CLANG_WARN_DEPRECATED_OBJC_IMPLEMENTATIONS = YES;
				CLANG_WARN_DIRECT_OBJC_ISA_USAGE = YES_ERROR;
				CLANG_WARN_DOCUMENTATION_COMMENTS = YES;
				CLANG_WARN_EMPTY_BODY = YES;
				CLANG_WARN_ENUM_CONVERSION = YES;
				CLANG_WARN_INFINITE_RECURSION = YES;
				CLANG_WARN_INT_CONVERSION = YES;
				CLANG_WARN_NON_LITERAL_NULL_CONVERSION = YES;
				CLANG_WARN_OBJC_IMPLICIT_RETAIN_SELF = YES;
				CLANG_WARN_OBJC_LITERAL_CONVERSION = YES;
				CLANG_WARN_OBJC_ROOT_CLASS = YES_ERROR;
				CLANG_WARN_RANGE_LOOP_ANALYSIS = YES;
				CLANG_WARN_STRICT_PROTOTYPES = YES;
				CLANG_WARN_SUSPICIOUS_MOVE = YES;
				CLANG_WARN_UNGUARDED_AVAILABILITY = YES_AGGRESSIVE;
				CLANG_WARN_UNREACHABLE_CODE = YES;
				CLANG_WARN__DUPLICATE_METHOD_MATCH = YES;
				CODE_SIGN_IDENTITY = "iPhone Developer";
				COPY_PHASE_STRIP = NO;
				DEBUG_INFORMATION_FORMAT = dwarf;
				ENABLE_STRICT_OBJC_MSGSEND = YES;
				ENABLE_TESTABILITY = YES;
				GCC_C_LANGUAGE_STANDARD = gnu11;
				GCC_DYNAMIC_NO_PIC = NO;
				GCC_NO_COMMON_BLOCKS = YES;
				GCC_OPTIMIZATION_LEVEL = 0;
				GCC_PREPROCESSOR_DEFINITIONS = (
					"DEBUG=1",
					"$(inherited)",
				);
				GCC_WARN_64_TO_32_BIT_CONVERSION = YES;
				GCC_WARN_ABOUT_RETURN_TYPE = YES_ERROR;
				GCC_WARN_UNDECLARED_SELECTOR = YES;
				GCC_WARN_UNINITIALIZED_AUTOS = YES_AGGRESSIVE;
				GCC_WARN_UNUSED_FUNCTION = YES;
				GCC_WARN_UNUSED_VARIABLE = YES;
				IPHONEOS_DEPLOYMENT_TARGET = 12.1;
				MTL_ENABLE_DEBUG_INFO = INCLUDE_SOURCE;
				MTL_FAST_MATH = YES;
				ONLY_ACTIVE_ARCH = YES;
				SDKROOT = iphoneos;
				SWIFT_ACTIVE_COMPILATION_CONDITIONS = DEBUG;
				SWIFT_OPTIMIZATION_LEVEL = "-Onone";
			};
			name = Debug;
		};
		752124532244A5A000DA6DC0 /* Release */ = {
			isa = XCBuildConfiguration;
			buildSettings = {
				ALWAYS_SEARCH_USER_PATHS = NO;
				CLANG_ANALYZER_NONNULL = YES;
				CLANG_ANALYZER_NUMBER_OBJECT_CONVERSION = YES_AGGRESSIVE;
				CLANG_CXX_LANGUAGE_STANDARD = "gnu++14";
				CLANG_CXX_LIBRARY = "libc++";
				CLANG_ENABLE_MODULES = YES;
				CLANG_ENABLE_OBJC_ARC = YES;
				CLANG_ENABLE_OBJC_WEAK = YES;
				CLANG_WARN_BLOCK_CAPTURE_AUTORELEASING = YES;
				CLANG_WARN_BOOL_CONVERSION = YES;
				CLANG_WARN_COMMA = YES;
				CLANG_WARN_CONSTANT_CONVERSION = YES;
				CLANG_WARN_DEPRECATED_OBJC_IMPLEMENTATIONS = YES;
				CLANG_WARN_DIRECT_OBJC_ISA_USAGE = YES_ERROR;
				CLANG_WARN_DOCUMENTATION_COMMENTS = YES;
				CLANG_WARN_EMPTY_BODY = YES;
				CLANG_WARN_ENUM_CONVERSION = YES;
				CLANG_WARN_INFINITE_RECURSION = YES;
				CLANG_WARN_INT_CONVERSION = YES;
				CLANG_WARN_NON_LITERAL_NULL_CONVERSION = YES;
				CLANG_WARN_OBJC_IMPLICIT_RETAIN_SELF = YES;
				CLANG_WARN_OBJC_LITERAL_CONVERSION = YES;
				CLANG_WARN_OBJC_ROOT_CLASS = YES_ERROR;
				CLANG_WARN_RANGE_LOOP_ANALYSIS = YES;
				CLANG_WARN_STRICT_PROTOTYPES = YES;
				CLANG_WARN_SUSPICIOUS_MOVE = YES;
				CLANG_WARN_UNGUARDED_AVAILABILITY = YES_AGGRESSIVE;
				CLANG_WARN_UNREACHABLE_CODE = YES;
				CLANG_WARN__DUPLICATE_METHOD_MATCH = YES;
				CODE_SIGN_IDENTITY = "iPhone Developer";
				COPY_PHASE_STRIP = NO;
				DEBUG_INFORMATION_FORMAT = "dwarf-with-dsym";
				ENABLE_NS_ASSERTIONS = NO;
				ENABLE_STRICT_OBJC_MSGSEND = YES;
				GCC_C_LANGUAGE_STANDARD = gnu11;
				GCC_NO_COMMON_BLOCKS = YES;
				GCC_WARN_64_TO_32_BIT_CONVERSION = YES;
				GCC_WARN_ABOUT_RETURN_TYPE = YES_ERROR;
				GCC_WARN_UNDECLARED_SELECTOR = YES;
				GCC_WARN_UNINITIALIZED_AUTOS = YES_AGGRESSIVE;
				GCC_WARN_UNUSED_FUNCTION = YES;
				GCC_WARN_UNUSED_VARIABLE = YES;
				IPHONEOS_DEPLOYMENT_TARGET = 12.1;
				MTL_ENABLE_DEBUG_INFO = NO;
				MTL_FAST_MATH = YES;
				SDKROOT = iphoneos;
				SWIFT_COMPILATION_MODE = wholemodule;
				SWIFT_OPTIMIZATION_LEVEL = "-O";
				VALIDATE_PRODUCT = YES;
			};
			name = Release;
		};
		752124552244A5A000DA6DC0 /* Debug */ = {
			isa = XCBuildConfiguration;
			baseConfigurationReference = 9F7A93C87EA0DCD758BB8BF2 /* Pods-Cocoapods.debug.xcconfig */;
			buildSettings = {
				ASSETCATALOG_COMPILER_APPICON_NAME = AppIcon;
				CODE_SIGN_STYLE = Automatic;
				INFOPLIST_FILE = Cocoapods/Info.plist;
				LD_RUNPATH_SEARCH_PATHS = (
					"$(inherited)",
					"@executable_path/Frameworks",
				);
				PRODUCT_BUNDLE_IDENTIFIER = com.ttn.ashish.Cocoapods;
				PRODUCT_NAME = "$(TARGET_NAME)";
				SWIFT_VERSION = 4.2;
				TARGETED_DEVICE_FAMILY = "1,2";
			};
			name = Debug;
		};
		752124562244A5A000DA6DC0 /* Release */ = {
			isa = XCBuildConfiguration;
			baseConfigurationReference = 072CFBEFB0DC8061E51A68E2 /* Pods-Cocoapods.release.xcconfig */;
			buildSettings = {
				ASSETCATALOG_COMPILER_APPICON_NAME = AppIcon;
				CODE_SIGN_STYLE = Automatic;
				INFOPLIST_FILE = Cocoapods/Info.plist;
				LD_RUNPATH_SEARCH_PATHS = (
					"$(inherited)",
					"@executable_path/Frameworks",
				);
				PRODUCT_BUNDLE_IDENTIFIER = com.ttn.ashish.Cocoapods;
				PRODUCT_NAME = "$(TARGET_NAME)";
				SWIFT_VERSION = 4.2;
				TARGETED_DEVICE_FAMILY = "1,2";
			};
			name = Release;
		};
/* End XCBuildConfiguration section */

/* Begin XCConfigurationList section */
		7521243D2244A59E00DA6DC0 /* Build configuration list for PBXProject "Cocoapods" */ = {
			isa = XCConfigurationList;
			buildConfigurations = (
				752124522244A5A000DA6DC0 /* Debug */,
				752124532244A5A000DA6DC0 /* Release */,
			);
			defaultConfigurationIsVisible = 0;
			defaultConfigurationName = Release;
		};
		752124542244A5A000DA6DC0 /* Build configuration list for PBXNativeTarget "Cocoapods" */ = {
			isa = XCConfigurationList;
			buildConfigurations = (
				752124552244A5A000DA6DC0 /* Debug */,
				752124562244A5A000DA6DC0 /* Release */,
			);
			defaultConfigurationIsVisible = 0;
			defaultConfigurationName = Release;
		};
/* End XCConfigurationList section */
	};
	rootObject = 7521243A2244A59E00DA6DC0 /* Project object */;
}
